
Microsoft Visual Studio Solution File, Format Version 12.00
# Visual Studio Version 16
VisualStudioVersion = 16.0.29326.143
MinimumVisualStudioVersion = 10.0.40219.1
Project("{2150E333-8FDC-42A3-9474-1A3956D46DE8}") = "UserService", "UserService", "{8A75B2B0-27DF-47DE-B788-8933F2911553}"
EndProject
Project("{2150E333-8FDC-42A3-9474-1A3956D46DE8}") = "GoodsService", "GoodsService", "{B60B755E-20C5-4C68-9C58-6C61ABD95F0C}"
EndProject
Project("{2150E333-8FDC-42A3-9474-1A3956D46DE8}") = "OrderService", "OrderService", "{09526428-2FAB-449C-9E07-CF7E22F94547}"
EndProject
Project("{2150E333-8FDC-42A3-9474-1A3956D46DE8}") = "TradeService", "TradeService", "{DE5CEF4D-3C12-4BEF-BFFC-84CD23916504}"
EndProject
Project("{2150E333-8FDC-42A3-9474-1A3956D46DE8}") = "Public Interface", "Public Interface", "{BA752976-B083-4C60-91CA-C3BB944041CE}"
EndProject
Project("{2150E333-8FDC-42A3-9474-1A3956D46DE8}") = "Services", "Services", "{583A72A9-6048-418A-A348-DD6A61BE5098}"
EndProject
Project("{9A19103F-16F7-4668-BE54-9A1E7A4F7556}") = "GoodsServiceInterface", "Public Interface\GoodsServiceInterface\GoodsServiceInterface.csproj", "{A1C80592-5636-47E2-BD85-392B9D8F9AF4}"
EndProject
Project("{9A19103F-16F7-4668-BE54-9A1E7A4F7556}") = "OrderServiceInterface", "Public Interface\OrderServiceInterface\OrderServiceInterface.csproj", "{D85EB7CF-C5F7-4750-9AF2-42E4B1DAB23A}"
EndProject
Project("{9A19103F-16F7-4668-BE54-9A1E7A4F7556}") = "TradeServiceInterface", "Public Interface\TradeServiceInterface\TradeServiceInterface.csproj", "{861AD7AB-4FC8-432A-AB73-33BF18896214}"
EndProject
Project("{9A19103F-16F7-4668-BE54-9A1E7A4F7556}") = "UserServiceInterface", "Public Interface\UserServiceInterface\UserServiceInterface.csproj", "{47A3AC8C-1899-45A9-AAFE-0B384E20A0FC}"
EndProject
Project("{9A19103F-16F7-4668-BE54-9A1E7A4F7556}") = "Order.Host", "Services\OrderService\Order.Host\Order.Host.csproj", "{C027FE45-F2AD-4D1C-883A-0F4D359C8531}"
EndProject
Project("{9A19103F-16F7-4668-BE54-9A1E7A4F7556}") = "Goods.Application", "Services\GoodsService\Goods.Application\Goods.Application.csproj", "{DDF95600-2A91-49BD-97F7-A9ADDA2FC39E}"
EndProject
Project("{9A19103F-16F7-4668-BE54-9A1E7A4F7556}") = "Goods.Domain", "Services\GoodsService\Goods.Domain\Goods.Domain.csproj", "{B738817E-CA7D-4F57-9F15-18F39BA4B193}"
EndProject
Project("{9A19103F-16F7-4668-BE54-9A1E7A4F7556}") = "Goods.Host", "Services\GoodsService\Goods.Host\Goods.Host.csproj", "{7AEEBA0F-05C8-4664-8728-700C43061C90}"
EndProject
Project("{9A19103F-16F7-4668-BE54-9A1E7A4F7556}") = "Goods.Infrastructure", "Services\GoodsService\Goods.Infrastructure\Goods.Infrastructure.csproj", "{EE355C42-A78B-4598-AA05-ECB054EB3967}"
EndProject
Project("{9A19103F-16F7-4668-BE54-9A1E7A4F7556}") = "Order.Application", "Services\OrderService\Order.Application\Order.Application.csproj", "{613A55EC-560A-4CD0-B1AC-3DA053688810}"
EndProject
Project("{9A19103F-16F7-4668-BE54-9A1E7A4F7556}") = "Order.Domain", "Services\OrderService\Order.Domain\Order.Domain.csproj", "{6AF6BCA7-E04C-494D-BE71-64A12898BC57}"
EndProject
Project("{9A19103F-16F7-4668-BE54-9A1E7A4F7556}") = "Order.Infrastructure", "Services\OrderService\Order.Infrastructure\Order.Infrastructure.csproj", "{BA74BB64-3BCC-4790-B40E-A4217147CDAA}"
EndProject
Project("{9A19103F-16F7-4668-BE54-9A1E7A4F7556}") = "Trade.Host", "Services\TradeService\Trade.Host\Trade.Host.csproj", "{48D9F5FE-8DCE-4512-A6CD-65D6FF9754C7}"
EndProject
Project("{9A19103F-16F7-4668-BE54-9A1E7A4F7556}") = "Trade.Application", "Services\TradeService\Trade.Application\Trade.Application.csproj", "{91C187B1-D3F3-4B91-8747-6305514C8ABE}"
EndProject
Project("{9A19103F-16F7-4668-BE54-9A1E7A4F7556}") = "Trade.Domain", "Services\TradeService\Trade.Domain\Trade.Domain.csproj", "{5DA90EE4-1D6C-4323-9D03-DEDF8A8F8350}"
EndProject
Project("{9A19103F-16F7-4668-BE54-9A1E7A4F7556}") = "Trade.Infrastructure", "Services\TradeService\Trade.Infrastructure\Trade.Infrastructure.csproj", "{A35DB224-D014-4C47-93CD-8082B8F3B68B}"
EndProject
Project("{9A19103F-16F7-4668-BE54-9A1E7A4F7556}") = "User.Host", "Services\UserService\User.Host\User.Host.csproj", "{10A986F5-EFE3-446E-8163-B8614C682F12}"
EndProject
Project("{9A19103F-16F7-4668-BE54-9A1E7A4F7556}") = "User.Domain", "Services\UserService\User.Domain\User.Domain.csproj", "{3268D245-BD7E-4898-8CCD-449B9799FA51}"
EndProject
Project("{9A19103F-16F7-4668-BE54-9A1E7A4F7556}") = "User.Application", "Services\UserService\User.Application\User.Application.csproj", "{0A774C31-2401-44CB-86A6-BB7EF878FE01}"
EndProject
Project("{9A19103F-16F7-4668-BE54-9A1E7A4F7556}") = "User.Infrastructure", "Services\UserService\User.Infrastructure\User.Infrastructure.csproj", "{06CF032D-9B7B-4438-9904-5F6E2B99451E}"
EndProject
Project("{9A19103F-16F7-4668-BE54-9A1E7A4F7556}") = "BaseServcieInterface", "Public Interface\BaseServcieInterface\BaseServcieInterface.csproj", "{486B8F3C-81D9-4A66-B484-9C5A0C67570D}"
EndProject
Project("{2150E333-8FDC-42A3-9474-1A3956D46DE8}") = "CommonService", "CommonService", "{F4CE6F4B-539E-4E60-A895-AB167C242598}"
EndProject
Project("{9A19103F-16F7-4668-BE54-9A1E7A4F7556}") = "ApplicationBase", "Services\BaseLib\ApplicationBase\ApplicationBase.csproj", "{6A33835D-1B3E-4C09-AA39-C6007B76CE3A}"
EndProject
Project("{2150E333-8FDC-42A3-9474-1A3956D46DE8}") = "BaseLib", "BaseLib", "{38794553-5D28-40FA-82F0-FACAE50390A5}"
EndProject
Project("{9A19103F-16F7-4668-BE54-9A1E7A4F7556}") = "DomainBase", "Services\BaseLib\DomainBase\DomainBase.csproj", "{23A89DBE-934E-4FD4-B736-1A48FE6581F6}"
EndProject
Project("{9A19103F-16F7-4668-BE54-9A1E7A4F7556}") = "InfrastructureBase", "Services\BaseLib\InfrastructureBase\InfrastructureBase.csproj", "{215BD1AC-BA5B-4F3F-A786-DBD325CB26A1}"
EndProject
Project("{9A19103F-16F7-4668-BE54-9A1E7A4F7556}") = "ApiGateWay", "ApiGateWay\ApiGateWay.csproj", "{AB560347-DB4B-427E-948D-B10C14E6A89E}"
EndProject
Project("{9A19103F-16F7-4668-BE54-9A1E7A4F7556}") = "JobRunner", "Services\CommonService\JobRunner\JobRunner.csproj", "{54081B7B-359F-45DB-8C68-F04E7A05BF67}"
EndProject
Project("{9A19103F-16F7-4668-BE54-9A1E7A4F7556}") = "AggregateServiceManager", "Services\CommonService\AggregateServiceManager\AggregateServiceManager.csproj", "{35EE0127-BE39-4B2D-B103-3FDCE327469F}"
EndProject
Global
	GlobalSection(SolutionConfigurationPlatforms) = preSolution
		Debug|Any CPU = Debug|Any CPU
		Release|Any CPU = Release|Any CPU
	EndGlobalSection
	GlobalSection(ProjectConfigurationPlatforms) = postSolution
		{A1C80592-5636-47E2-BD85-392B9D8F9AF4}.Debug|Any CPU.ActiveCfg = Debug|Any CPU
		{A1C80592-5636-47E2-BD85-392B9D8F9AF4}.Debug|Any CPU.Build.0 = Debug|Any CPU
		{A1C80592-5636-47E2-BD85-392B9D8F9AF4}.Release|Any CPU.ActiveCfg = Release|Any CPU
		{A1C80592-5636-47E2-BD85-392B9D8F9AF4}.Release|Any CPU.Build.0 = Release|Any CPU
		{D85EB7CF-C5F7-4750-9AF2-42E4B1DAB23A}.Debug|Any CPU.ActiveCfg = Debug|Any CPU
		{D85EB7CF-C5F7-4750-9AF2-42E4B1DAB23A}.Debug|Any CPU.Build.0 = Debug|Any CPU
		{D85EB7CF-C5F7-4750-9AF2-42E4B1DAB23A}.Release|Any CPU.ActiveCfg = Release|Any CPU
		{D85EB7CF-C5F7-4750-9AF2-42E4B1DAB23A}.Release|Any CPU.Build.0 = Release|Any CPU
		{861AD7AB-4FC8-432A-AB73-33BF18896214}.Debug|Any CPU.ActiveCfg = Debug|Any CPU
		{861AD7AB-4FC8-432A-AB73-33BF18896214}.Debug|Any CPU.Build.0 = Debug|Any CPU
		{861AD7AB-4FC8-432A-AB73-33BF18896214}.Release|Any CPU.ActiveCfg = Release|Any CPU
		{861AD7AB-4FC8-432A-AB73-33BF18896214}.Release|Any CPU.Build.0 = Release|Any CPU
		{47A3AC8C-1899-45A9-AAFE-0B384E20A0FC}.Debug|Any CPU.ActiveCfg = Debug|Any CPU
		{47A3AC8C-1899-45A9-AAFE-0B384E20A0FC}.Debug|Any CPU.Build.0 = Debug|Any CPU
		{47A3AC8C-1899-45A9-AAFE-0B384E20A0FC}.Release|Any CPU.ActiveCfg = Release|Any CPU
		{47A3AC8C-1899-45A9-AAFE-0B384E20A0FC}.Release|Any CPU.Build.0 = Release|Any CPU
		{C027FE45-F2AD-4D1C-883A-0F4D359C8531}.Debug|Any CPU.ActiveCfg = Debug|Any CPU
		{C027FE45-F2AD-4D1C-883A-0F4D359C8531}.Debug|Any CPU.Build.0 = Debug|Any CPU
		{C027FE45-F2AD-4D1C-883A-0F4D359C8531}.Release|Any CPU.ActiveCfg = Release|Any CPU
		{C027FE45-F2AD-4D1C-883A-0F4D359C8531}.Release|Any CPU.Build.0 = Release|Any CPU
		{DDF95600-2A91-49BD-97F7-A9ADDA2FC39E}.Debug|Any CPU.ActiveCfg = Debug|Any CPU
		{DDF95600-2A91-49BD-97F7-A9ADDA2FC39E}.Debug|Any CPU.Build.0 = Debug|Any CPU
		{DDF95600-2A91-49BD-97F7-A9ADDA2FC39E}.Release|Any CPU.ActiveCfg = Release|Any CPU
		{DDF95600-2A91-49BD-97F7-A9ADDA2FC39E}.Release|Any CPU.Build.0 = Release|Any CPU
		{B738817E-CA7D-4F57-9F15-18F39BA4B193}.Debug|Any CPU.ActiveCfg = Debug|Any CPU
		{B738817E-CA7D-4F57-9F15-18F39BA4B193}.Debug|Any CPU.Build.0 = Debug|Any CPU
		{B738817E-CA7D-4F57-9F15-18F39BA4B193}.Release|Any CPU.ActiveCfg = Release|Any CPU
		{B738817E-CA7D-4F57-9F15-18F39BA4B193}.Release|Any CPU.Build.0 = Release|Any CPU
		{7AEEBA0F-05C8-4664-8728-700C43061C90}.Debug|Any CPU.ActiveCfg = Debug|Any CPU
		{7AEEBA0F-05C8-4664-8728-700C43061C90}.Debug|Any CPU.Build.0 = Debug|Any CPU
		{7AEEBA0F-05C8-4664-8728-700C43061C90}.Release|Any CPU.ActiveCfg = Release|Any CPU
		{7AEEBA0F-05C8-4664-8728-700C43061C90}.Release|Any CPU.Build.0 = Release|Any CPU
		{EE355C42-A78B-4598-AA05-ECB054EB3967}.Debug|Any CPU.ActiveCfg = Debug|Any CPU
		{EE355C42-A78B-4598-AA05-ECB054EB3967}.Debug|Any CPU.Build.0 = Debug|Any CPU
		{EE355C42-A78B-4598-AA05-ECB054EB3967}.Release|Any CPU.ActiveCfg = Release|Any CPU
		{EE355C42-A78B-4598-AA05-ECB054EB3967}.Release|Any CPU.Build.0 = Release|Any CPU
		{613A55EC-560A-4CD0-B1AC-3DA053688810}.Debug|Any CPU.ActiveCfg = Debug|Any CPU
		{613A55EC-560A-4CD0-B1AC-3DA053688810}.Debug|Any CPU.Build.0 = Debug|Any CPU
		{613A55EC-560A-4CD0-B1AC-3DA053688810}.Release|Any CPU.ActiveCfg = Release|Any CPU
		{613A55EC-560A-4CD0-B1AC-3DA053688810}.Release|Any CPU.Build.0 = Release|Any CPU
		{6AF6BCA7-E04C-494D-BE71-64A12898BC57}.Debug|Any CPU.ActiveCfg = Debug|Any CPU
		{6AF6BCA7-E04C-494D-BE71-64A12898BC57}.Debug|Any CPU.Build.0 = Debug|Any CPU
		{6AF6BCA7-E04C-494D-BE71-64A12898BC57}.Release|Any CPU.ActiveCfg = Release|Any CPU
		{6AF6BCA7-E04C-494D-BE71-64A12898BC57}.Release|Any CPU.Build.0 = Release|Any CPU
		{BA74BB64-3BCC-4790-B40E-A4217147CDAA}.Debug|Any CPU.ActiveCfg = Debug|Any CPU
		{BA74BB64-3BCC-4790-B40E-A4217147CDAA}.Debug|Any CPU.Build.0 = Debug|Any CPU
		{BA74BB64-3BCC-4790-B40E-A4217147CDAA}.Release|Any CPU.ActiveCfg = Release|Any CPU
		{BA74BB64-3BCC-4790-B40E-A4217147CDAA}.Release|Any CPU.Build.0 = Release|Any CPU
		{48D9F5FE-8DCE-4512-A6CD-65D6FF9754C7}.Debug|Any CPU.ActiveCfg = Debug|Any CPU
		{48D9F5FE-8DCE-4512-A6CD-65D6FF9754C7}.Debug|Any CPU.Build.0 = Debug|Any CPU
		{48D9F5FE-8DCE-4512-A6CD-65D6FF9754C7}.Release|Any CPU.ActiveCfg = Release|Any CPU
		{48D9F5FE-8DCE-4512-A6CD-65D6FF9754C7}.Release|Any CPU.Build.0 = Release|Any CPU
		{91C187B1-D3F3-4B91-8747-6305514C8ABE}.Debug|Any CPU.ActiveCfg = Debug|Any CPU
		{91C187B1-D3F3-4B91-8747-6305514C8ABE}.Debug|Any CPU.Build.0 = Debug|Any CPU
		{91C187B1-D3F3-4B91-8747-6305514C8ABE}.Release|Any CPU.ActiveCfg = Release|Any CPU
		{91C187B1-D3F3-4B91-8747-6305514C8ABE}.Release|Any CPU.Build.0 = Release|Any CPU
		{5DA90EE4-1D6C-4323-9D03-DEDF8A8F8350}.Debug|Any CPU.ActiveCfg = Debug|Any CPU
		{5DA90EE4-1D6C-4323-9D03-DEDF8A8F8350}.Debug|Any CPU.Build.0 = Debug|Any CPU
		{5DA90EE4-1D6C-4323-9D03-DEDF8A8F8350}.Release|Any CPU.ActiveCfg = Release|Any CPU
		{5DA90EE4-1D6C-4323-9D03-DEDF8A8F8350}.Release|Any CPU.Build.0 = Release|Any CPU
		{A35DB224-D014-4C47-93CD-8082B8F3B68B}.Debug|Any CPU.ActiveCfg = Debug|Any CPU
		{A35DB224-D014-4C47-93CD-8082B8F3B68B}.Debug|Any CPU.Build.0 = Debug|Any CPU
		{A35DB224-D014-4C47-93CD-8082B8F3B68B}.Release|Any CPU.ActiveCfg = Release|Any CPU
		{A35DB224-D014-4C47-93CD-8082B8F3B68B}.Release|Any CPU.Build.0 = Release|Any CPU
		{10A986F5-EFE3-446E-8163-B8614C682F12}.Debug|Any CPU.ActiveCfg = Debug|Any CPU
		{10A986F5-EFE3-446E-8163-B8614C682F12}.Debug|Any CPU.Build.0 = Debug|Any CPU
		{10A986F5-EFE3-446E-8163-B8614C682F12}.Release|Any CPU.ActiveCfg = Release|Any CPU
		{10A986F5-EFE3-446E-8163-B8614C682F12}.Release|Any CPU.Build.0 = Release|Any CPU
		{3268D245-BD7E-4898-8CCD-449B9799FA51}.Debug|Any CPU.ActiveCfg = Debug|Any CPU
		{3268D245-BD7E-4898-8CCD-449B9799FA51}.Debug|Any CPU.Build.0 = Debug|Any CPU
		{3268D245-BD7E-4898-8CCD-449B9799FA51}.Release|Any CPU.ActiveCfg = Release|Any CPU
		{3268D245-BD7E-4898-8CCD-449B9799FA51}.Release|Any CPU.Build.0 = Release|Any CPU
		{0A774C31-2401-44CB-86A6-BB7EF878FE01}.Debug|Any CPU.ActiveCfg = Debug|Any CPU
		{0A774C31-2401-44CB-86A6-BB7EF878FE01}.Debug|Any CPU.Build.0 = Debug|Any CPU
		{0A774C31-2401-44CB-86A6-BB7EF878FE01}.Release|Any CPU.ActiveCfg = Release|Any CPU
		{0A774C31-2401-44CB-86A6-BB7EF878FE01}.Release|Any CPU.Build.0 = Release|Any CPU
		{06CF032D-9B7B-4438-9904-5F6E2B99451E}.Debug|Any CPU.ActiveCfg = Debug|Any CPU
		{06CF032D-9B7B-4438-9904-5F6E2B99451E}.Debug|Any CPU.Build.0 = Debug|Any CPU
		{06CF032D-9B7B-4438-9904-5F6E2B99451E}.Release|Any CPU.ActiveCfg = Release|Any CPU
		{06CF032D-9B7B-4438-9904-5F6E2B99451E}.Release|Any CPU.Build.0 = Release|Any CPU
		{486B8F3C-81D9-4A66-B484-9C5A0C67570D}.Debug|Any CPU.ActiveCfg = Debug|Any CPU
		{486B8F3C-81D9-4A66-B484-9C5A0C67570D}.Debug|Any CPU.Build.0 = Debug|Any CPU
		{486B8F3C-81D9-4A66-B484-9C5A0C67570D}.Release|Any CPU.ActiveCfg = Release|Any CPU
		{486B8F3C-81D9-4A66-B484-9C5A0C67570D}.Release|Any CPU.Build.0 = Release|Any CPU
		{6A33835D-1B3E-4C09-AA39-C6007B76CE3A}.Debug|Any CPU.ActiveCfg = Debug|Any CPU
		{6A33835D-1B3E-4C09-AA39-C6007B76CE3A}.Debug|Any CPU.Build.0 = Debug|Any CPU
		{6A33835D-1B3E-4C09-AA39-C6007B76CE3A}.Release|Any CPU.ActiveCfg = Release|Any CPU
		{6A33835D-1B3E-4C09-AA39-C6007B76CE3A}.Release|Any CPU.Build.0 = Release|Any CPU
		{23A89DBE-934E-4FD4-B736-1A48FE6581F6}.Debug|Any CPU.ActiveCfg = Debug|Any CPU
		{23A89DBE-934E-4FD4-B736-1A48FE6581F6}.Debug|Any CPU.Build.0 = Debug|Any CPU
		{23A89DBE-934E-4FD4-B736-1A48FE6581F6}.Release|Any CPU.ActiveCfg = Release|Any CPU
		{23A89DBE-934E-4FD4-B736-1A48FE6581F6}.Release|Any CPU.Build.0 = Release|Any CPU
		{215BD1AC-BA5B-4F3F-A786-DBD325CB26A1}.Debug|Any CPU.ActiveCfg = Debug|Any CPU
		{215BD1AC-BA5B-4F3F-A786-DBD325CB26A1}.Debug|Any CPU.Build.0 = Debug|Any CPU
		{215BD1AC-BA5B-4F3F-A786-DBD325CB26A1}.Release|Any CPU.ActiveCfg = Release|Any CPU
		{215BD1AC-BA5B-4F3F-A786-DBD325CB26A1}.Release|Any CPU.Build.0 = Release|Any CPU
		{AB560347-DB4B-427E-948D-B10C14E6A89E}.Debug|Any CPU.ActiveCfg = Debug|Any CPU
		{AB560347-DB4B-427E-948D-B10C14E6A89E}.Debug|Any CPU.Build.0 = Debug|Any CPU
		{AB560347-DB4B-427E-948D-B10C14E6A89E}.Release|Any CPU.ActiveCfg = Release|Any CPU
		{AB560347-DB4B-427E-948D-B10C14E6A89E}.Release|Any CPU.Build.0 = Release|Any CPU
		{54081B7B-359F-45DB-8C68-F04E7A05BF67}.Debug|Any CPU.ActiveCfg = Debug|Any CPU
		{54081B7B-359F-45DB-8C68-F04E7A05BF67}.Debug|Any CPU.Build.0 = Debug|Any CPU
		{54081B7B-359F-45DB-8C68-F04E7A05BF67}.Release|Any CPU.ActiveCfg = Release|Any CPU
		{54081B7B-359F-45DB-8C68-F04E7A05BF67}.Release|Any CPU.Build.0 = Release|Any CPU
		{35EE0127-BE39-4B2D-B103-3FDCE327469F}.Debug|Any CPU.ActiveCfg = Debug|Any CPU
		{35EE0127-BE39-4B2D-B103-3FDCE327469F}.Debug|Any CPU.Build.0 = Debug|Any CPU
		{35EE0127-BE39-4B2D-B103-3FDCE327469F}.Release|Any CPU.ActiveCfg = Release|Any CPU
		{35EE0127-BE39-4B2D-B103-3FDCE327469F}.Release|Any CPU.Build.0 = Release|Any CPU
	EndGlobalSection
	GlobalSection(SolutionProperties) = preSolution
		HideSolutionNode = FALSE
	EndGlobalSection
	GlobalSection(NestedProjects) = preSolution
		{8A75B2B0-27DF-47DE-B788-8933F2911553} = {583A72A9-6048-418A-A348-DD6A61BE5098}
		{B60B755E-20C5-4C68-9C58-6C61ABD95F0C} = {583A72A9-6048-418A-A348-DD6A61BE5098}
		{09526428-2FAB-449C-9E07-CF7E22F94547} = {583A72A9-6048-418A-A348-DD6A61BE5098}
		{DE5CEF4D-3C12-4BEF-BFFC-84CD23916504} = {583A72A9-6048-418A-A348-DD6A61BE5098}
		{A1C80592-5636-47E2-BD85-392B9D8F9AF4} = {BA752976-B083-4C60-91CA-C3BB944041CE}
		{D85EB7CF-C5F7-4750-9AF2-42E4B1DAB23A} = {BA752976-B083-4C60-91CA-C3BB944041CE}
		{861AD7AB-4FC8-432A-AB73-33BF18896214} = {BA752976-B083-4C60-91CA-C3BB944041CE}
		{47A3AC8C-1899-45A9-AAFE-0B384E20A0FC} = {BA752976-B083-4C60-91CA-C3BB944041CE}
		{C027FE45-F2AD-4D1C-883A-0F4D359C8531} = {09526428-2FAB-449C-9E07-CF7E22F94547}
		{DDF95600-2A91-49BD-97F7-A9ADDA2FC39E} = {B60B755E-20C5-4C68-9C58-6C61ABD95F0C}
		{B738817E-CA7D-4F57-9F15-18F39BA4B193} = {B60B755E-20C5-4C68-9C58-6C61ABD95F0C}
		{7AEEBA0F-05C8-4664-8728-700C43061C90} = {B60B755E-20C5-4C68-9C58-6C61ABD95F0C}
		{EE355C42-A78B-4598-AA05-ECB054EB3967} = {B60B755E-20C5-4C68-9C58-6C61ABD95F0C}
		{613A55EC-560A-4CD0-B1AC-3DA053688810} = {09526428-2FAB-449C-9E07-CF7E22F94547}
		{6AF6BCA7-E04C-494D-BE71-64A12898BC57} = {09526428-2FAB-449C-9E07-CF7E22F94547}
		{BA74BB64-3BCC-4790-B40E-A4217147CDAA} = {09526428-2FAB-449C-9E07-CF7E22F94547}
		{48D9F5FE-8DCE-4512-A6CD-65D6FF9754C7} = {DE5CEF4D-3C12-4BEF-BFFC-84CD23916504}
		{91C187B1-D3F3-4B91-8747-6305514C8ABE} = {DE5CEF4D-3C12-4BEF-BFFC-84CD23916504}
		{5DA90EE4-1D6C-4323-9D03-DEDF8A8F8350} = {DE5CEF4D-3C12-4BEF-BFFC-84CD23916504}
		{A35DB224-D014-4C47-93CD-8082B8F3B68B} = {DE5CEF4D-3C12-4BEF-BFFC-84CD23916504}
		{10A986F5-EFE3-446E-8163-B8614C682F12} = {8A75B2B0-27DF-47DE-B788-8933F2911553}
		{3268D245-BD7E-4898-8CCD-449B9799FA51} = {8A75B2B0-27DF-47DE-B788-8933F2911553}
		{0A774C31-2401-44CB-86A6-BB7EF878FE01} = {8A75B2B0-27DF-47DE-B788-8933F2911553}
		{06CF032D-9B7B-4438-9904-5F6E2B99451E} = {8A75B2B0-27DF-47DE-B788-8933F2911553}
		{486B8F3C-81D9-4A66-B484-9C5A0C67570D} = {BA752976-B083-4C60-91CA-C3BB944041CE}
		{F4CE6F4B-539E-4E60-A895-AB167C242598} = {583A72A9-6048-418A-A348-DD6A61BE5098}
		{6A33835D-1B3E-4C09-AA39-C6007B76CE3A} = {38794553-5D28-40FA-82F0-FACAE50390A5}
		{38794553-5D28-40FA-82F0-FACAE50390A5} = {583A72A9-6048-418A-A348-DD6A61BE5098}
		{23A89DBE-934E-4FD4-B736-1A48FE6581F6} = {38794553-5D28-40FA-82F0-FACAE50390A5}
		{215BD1AC-BA5B-4F3F-A786-DBD325CB26A1} = {38794553-5D28-40FA-82F0-FACAE50390A5}
		{54081B7B-359F-45DB-8C68-F04E7A05BF67} = {F4CE6F4B-539E-4E60-A895-AB167C242598}
		{35EE0127-BE39-4B2D-B103-3FDCE327469F} = {F4CE6F4B-539E-4E60-A895-AB167C242598}
	EndGlobalSection
	GlobalSection(ExtensibilityGlobals) = postSolution
		SolutionGuid = {4F96ABBE-6EFA-4F2E-9EFB-1B3E32EBD158}
	EndGlobalSection
EndGlobal
